github.com/matryer/is v1.4.1 h1:55ehd8zaGABKLXQUe2awZ99BD/PTc2ls+KV/dXphgEQ=
github.com/matryer/is v1.4.1/go.mod h1:8I/i5uYgLzgsgEloJE1U6xx5HkBQpAZvepWuujKwMRU=
github.com/unkaktus/wslpath v1.0.0 h1:OowTbVF4bFsos0iZdyvnGYX229sz/U5nvW+Z7VduxJY=
github.com/unkaktus/wslpath v1.0.0/go.mod h1:208bpbScj9C1E1XGKWPcpaWYpmZQrh8jQxmErFbiu9U=
golang.org/x/net v0.48.0 h1:zyQRTTrjc33Lhh0fBgT/H3oZq9WuvRR5gPC70xpDiQU=
golang.org/x/net v0.48.0/go.mod h1:+ndRgGjkh8FGtu1w1FGbEC31if4VrNVMuKTgcAAnQRY=
